
Microsoft Visual Studio Solution File, Format Version 12.00
# Visual Studio 15
VisualStudioVersion = 15.0.26730.8
MinimumVisualStudioVersion = 10.0.40219.1
Project("{9A19103F-16F7-4668-BE54-9A1E7A4F7556}") = "BleemSync.Extensions.PlayStationClassic.Data", "BleemSync.Extensions.PlayStationClassic\BleemSync.Extensions.PlayStationClassic.Data\BleemSync.Extensions.PlayStationClassic.Data.csproj", "{F51BBEA3-5570-425E-AAB3-F85BB7563F97}"
EndProject
Project("{9A19103F-16F7-4668-BE54-9A1E7A4F7556}") = "BleemSync.Utilities", "BleemSync.Utilities\BleemSync.Utilities.csproj", "{F4B0DF4C-95F7-49A7-B5FF-2F685EB52389}"
EndProject
Project("{9A19103F-16F7-4668-BE54-9A1E7A4F7556}") = "BleemSync.Services", "BleemSync.Services\BleemSync.Services.csproj", "{ED0A42C7-B7DF-4ABF-BCEF-2C3DC6692E17}"
EndProject
Project("{9A19103F-16F7-4668-BE54-9A1E7A4F7556}") = "BleemSync.Scrapers.PSXDataCenterScraper", "BleemSync.PSXDataCenterScraper\BleemSync.Scrapers.PSXDataCenterScraper.csproj", "{1BCDAB21-519D-482C-B054-9DA2DB81C606}"
EndProject
Project("{9A19103F-16F7-4668-BE54-9A1E7A4F7556}") = "BleemSync.Central.Data", "BleemSync.Central.Data\BleemSync.Central.Data.csproj", "{4BBBBD40-706A-4C1D-9693-779EBC1CD255}"
EndProject
Project("{9A19103F-16F7-4668-BE54-9A1E7A4F7556}") = "BleemSync.Central", "BleemSync.Central\BleemSync.Central.csproj", "{B6CC05A8-AF80-4298-BB22-451F920E8320}"
EndProject
Project("{9A19103F-16F7-4668-BE54-9A1E7A4F7556}") = "BleemSync.Central.Services", "BleemSync.Central.Services\BleemSync.Central.Services.csproj", "{6712A24F-CB48-4C3D-91E7-C3C261E98C2B}"
EndProject
Project("{9A19103F-16F7-4668-BE54-9A1E7A4F7556}") = "BleemSync", "BleemSync\BleemSync.csproj", "{6E373720-D674-4A4C-8C49-918F53B2CADA}"
EndProject
Project("{2150E333-8FDC-42A3-9474-1A3956D46DE8}") = "BleemSync.Central", "BleemSync.Central", "{36CBF5E0-E177-4495-A612-DE515D7B510A}"
EndProject
Project("{2150E333-8FDC-42A3-9474-1A3956D46DE8}") = "BleemSync.Core", "BleemSync.Core", "{F9D152FE-7EC3-4D51-B4C8-61AE27996FE2}"
EndProject
Project("{2150E333-8FDC-42A3-9474-1A3956D46DE8}") = "BleemSync.Extensions", "BleemSync.Extensions", "{8ECDB9E5-1638-4D9F-B871-3F3C1CCC01C3}"
EndProject
Project("{2150E333-8FDC-42A3-9474-1A3956D46DE8}") = "BleemSync.Extensions.PlayStationClassic", "BleemSync.Extensions.PlayStationClassic", "{82E2221F-0697-4553-9E78-C73F4DF6B1F5}"
EndProject
Project("{9A19103F-16F7-4668-BE54-9A1E7A4F7556}") = "BleemSync.Extensions.PlayStationClassic.Core", "BleemSync.Extensions.PlayStationClassic\BleemSync.Extensions.PlayStationClassic.Core\BleemSync.Extensions.PlayStationClassic.Core.csproj", "{6880A4DB-DC03-47EE-A06A-B6B5AEF32394}"
EndProject
Project("{9A19103F-16F7-4668-BE54-9A1E7A4F7556}") = "BleemSync.Extensions.Infrastructure", "BleemSync.Extensions.Infrastructure\BleemSync.Extensions.Infrastructure.csproj", "{AF89C8BF-5A8F-42D6-A044-B5F5DB142913}"
EndProject
Project("{9A19103F-16F7-4668-BE54-9A1E7A4F7556}") = "BleemSync.Extensions.PlayStationClassic.Utilities", "BleemSync.Extensions.PlayStationClassic\BleemSync.Extensions.PlayStationClassic.Utilities\BleemSync.Extensions.PlayStationClassic.Utilities.csproj", "{E1C6068A-E560-446D-A62C-CD8D90C10DBB}"
EndProject
Project("{9A19103F-16F7-4668-BE54-9A1E7A4F7556}") = "BleemSync.Data", "BleemSync.Data\BleemSync.Data.csproj", "{11185624-8F5D-4935-A03C-EF582C1A2A05}"
EndProject
Project("{9A19103F-16F7-4668-BE54-9A1E7A4F7556}") = "BleemSync.UI", "BleemSync.UI\BleemSync.UI.csproj", "{631544D5-372D-41BC-B439-A1CC5068205A}"
EndProject
Global
	GlobalSection(SolutionConfigurationPlatforms) = preSolution
		Debug|Any CPU = Debug|Any CPU
		Release|Any CPU = Release|Any CPU
	EndGlobalSection
	GlobalSection(ProjectConfigurationPlatforms) = postSolution
		{F51BBEA3-5570-425E-AAB3-F85BB7563F97}.Debug|Any CPU.ActiveCfg = Debug|Any CPU
		{F51BBEA3-5570-425E-AAB3-F85BB7563F97}.Debug|Any CPU.Build.0 = Debug|Any CPU
		{F51BBEA3-5570-425E-AAB3-F85BB7563F97}.Release|Any CPU.ActiveCfg = Release|Any CPU
		{F51BBEA3-5570-425E-AAB3-F85BB7563F97}.Release|Any CPU.Build.0 = Release|Any CPU
		{F4B0DF4C-95F7-49A7-B5FF-2F685EB52389}.Debug|Any CPU.ActiveCfg = Debug|Any CPU
		{F4B0DF4C-95F7-49A7-B5FF-2F685EB52389}.Debug|Any CPU.Build.0 = Debug|Any CPU
		{F4B0DF4C-95F7-49A7-B5FF-2F685EB52389}.Release|Any CPU.ActiveCfg = Release|Any CPU
		{F4B0DF4C-95F7-49A7-B5FF-2F685EB52389}.Release|Any CPU.Build.0 = Release|Any CPU
		{ED0A42C7-B7DF-4ABF-BCEF-2C3DC6692E17}.Debug|Any CPU.ActiveCfg = Debug|Any CPU
		{ED0A42C7-B7DF-4ABF-BCEF-2C3DC6692E17}.Debug|Any CPU.Build.0 = Debug|Any CPU
		{ED0A42C7-B7DF-4ABF-BCEF-2C3DC6692E17}.Release|Any CPU.ActiveCfg = Release|Any CPU
		{ED0A42C7-B7DF-4ABF-BCEF-2C3DC6692E17}.Release|Any CPU.Build.0 = Release|Any CPU
		{1BCDAB21-519D-482C-B054-9DA2DB81C606}.Debug|Any CPU.ActiveCfg = Debug|Any CPU
		{1BCDAB21-519D-482C-B054-9DA2DB81C606}.Debug|Any CPU.Build.0 = Debug|Any CPU
		{1BCDAB21-519D-482C-B054-9DA2DB81C606}.Release|Any CPU.ActiveCfg = Release|Any CPU
		{1BCDAB21-519D-482C-B054-9DA2DB81C606}.Release|Any CPU.Build.0 = Release|Any CPU
		{4BBBBD40-706A-4C1D-9693-779EBC1CD255}.Debug|Any CPU.ActiveCfg = Debug|Any CPU
		{4BBBBD40-706A-4C1D-9693-779EBC1CD255}.Debug|Any CPU.Build.0 = Debug|Any CPU
		{4BBBBD40-706A-4C1D-9693-779EBC1CD255}.Release|Any CPU.ActiveCfg = Release|Any CPU
		{4BBBBD40-706A-4C1D-9693-779EBC1CD255}.Release|Any CPU.Build.0 = Release|Any CPU
		{B6CC05A8-AF80-4298-BB22-451F920E8320}.Debug|Any CPU.ActiveCfg = Debug|Any CPU
		{B6CC05A8-AF80-4298-BB22-451F920E8320}.Debug|Any CPU.Build.0 = Debug|Any CPU
		{B6CC05A8-AF80-4298-BB22-451F920E8320}.Release|Any CPU.ActiveCfg = Release|Any CPU
		{B6CC05A8-AF80-4298-BB22-451F920E8320}.Release|Any CPU.Build.0 = Release|Any CPU
		{6712A24F-CB48-4C3D-91E7-C3C261E98C2B}.Debug|Any CPU.ActiveCfg = Debug|Any CPU
		{6712A24F-CB48-4C3D-91E7-C3C261E98C2B}.Debug|Any CPU.Build.0 = Debug|Any CPU
		{6712A24F-CB48-4C3D-91E7-C3C261E98C2B}.Release|Any CPU.ActiveCfg = Release|Any CPU
		{6712A24F-CB48-4C3D-91E7-C3C261E98C2B}.Release|Any CPU.Build.0 = Release|Any CPU
		{6E373720-D674-4A4C-8C49-918F53B2CADA}.Debug|Any CPU.ActiveCfg = Debug|Any CPU
		{6E373720-D674-4A4C-8C49-918F53B2CADA}.Debug|Any CPU.Build.0 = Debug|Any CPU
		{6E373720-D674-4A4C-8C49-918F53B2CADA}.Release|Any CPU.ActiveCfg = Release|Any CPU
		{6E373720-D674-4A4C-8C49-918F53B2CADA}.Release|Any CPU.Build.0 = Release|Any CPU
		{6880A4DB-DC03-47EE-A06A-B6B5AEF32394}.Debug|Any CPU.ActiveCfg = Debug|Any CPU
		{6880A4DB-DC03-47EE-A06A-B6B5AEF32394}.Debug|Any CPU.Build.0 = Debug|Any CPU
		{6880A4DB-DC03-47EE-A06A-B6B5AEF32394}.Release|Any CPU.ActiveCfg = Release|Any CPU
		{6880A4DB-DC03-47EE-A06A-B6B5AEF32394}.Release|Any CPU.Build.0 = Release|Any CPU
		{AF89C8BF-5A8F-42D6-A044-B5F5DB142913}.Debug|Any CPU.ActiveCfg = Debug|Any CPU
		{AF89C8BF-5A8F-42D6-A044-B5F5DB142913}.Debug|Any CPU.Build.0 = Debug|Any CPU
		{AF89C8BF-5A8F-42D6-A044-B5F5DB142913}.Release|Any CPU.ActiveCfg = Release|Any CPU
		{AF89C8BF-5A8F-42D6-A044-B5F5DB142913}.Release|Any CPU.Build.0 = Release|Any CPU
		{E1C6068A-E560-446D-A62C-CD8D90C10DBB}.Debug|Any CPU.ActiveCfg = Debug|Any CPU
		{E1C6068A-E560-446D-A62C-CD8D90C10DBB}.Debug|Any CPU.Build.0 = Debug|Any CPU
		{E1C6068A-E560-446D-A62C-CD8D90C10DBB}.Release|Any CPU.ActiveCfg = Release|Any CPU
		{E1C6068A-E560-446D-A62C-CD8D90C10DBB}.Release|Any CPU.Build.0 = Release|Any CPU
		{11185624-8F5D-4935-A03C-EF582C1A2A05}.Debug|Any CPU.ActiveCfg = Debug|Any CPU
		{11185624-8F5D-4935-A03C-EF582C1A2A05}.Debug|Any CPU.Build.0 = Debug|Any CPU
		{11185624-8F5D-4935-A03C-EF582C1A2A05}.Release|Any CPU.ActiveCfg = Release|Any CPU
		{11185624-8F5D-4935-A03C-EF582C1A2A05}.Release|Any CPU.Build.0 = Release|Any CPU
		{631544D5-372D-41BC-B439-A1CC5068205A}.Debug|Any CPU.ActiveCfg = Debug|Any CPU
		{631544D5-372D-41BC-B439-A1CC5068205A}.Debug|Any CPU.Build.0 = Debug|Any CPU
		{631544D5-372D-41BC-B439-A1CC5068205A}.Release|Any CPU.ActiveCfg = Release|Any CPU
		{631544D5-372D-41BC-B439-A1CC5068205A}.Release|Any CPU.Build.0 = Release|Any CPU
	EndGlobalSection
	GlobalSection(SolutionProperties) = preSolution
		HideSolutionNode = FALSE
	EndGlobalSection
	GlobalSection(NestedProjects) = preSolution
		{F51BBEA3-5570-425E-AAB3-F85BB7563F97} = {82E2221F-0697-4553-9E78-C73F4DF6B1F5}
		{F4B0DF4C-95F7-49A7-B5FF-2F685EB52389} = {F9D152FE-7EC3-4D51-B4C8-61AE27996FE2}
		{1BCDAB21-519D-482C-B054-9DA2DB81C606} = {F9D152FE-7EC3-4D51-B4C8-61AE27996FE2}
		{4BBBBD40-706A-4C1D-9693-779EBC1CD255} = {36CBF5E0-E177-4495-A612-DE515D7B510A}
		{B6CC05A8-AF80-4298-BB22-451F920E8320} = {36CBF5E0-E177-4495-A612-DE515D7B510A}
		{6712A24F-CB48-4C3D-91E7-C3C261E98C2B} = {36CBF5E0-E177-4495-A612-DE515D7B510A}
		{82E2221F-0697-4553-9E78-C73F4DF6B1F5} = {8ECDB9E5-1638-4D9F-B871-3F3C1CCC01C3}
		{6880A4DB-DC03-47EE-A06A-B6B5AEF32394} = {82E2221F-0697-4553-9E78-C73F4DF6B1F5}
		{AF89C8BF-5A8F-42D6-A044-B5F5DB142913} = {8ECDB9E5-1638-4D9F-B871-3F3C1CCC01C3}
		{E1C6068A-E560-446D-A62C-CD8D90C10DBB} = {82E2221F-0697-4553-9E78-C73F4DF6B1F5}
	EndGlobalSection
	GlobalSection(ExtensibilityGlobals) = postSolution
		SolutionGuid = {DD26EB1E-4506-4AF4-9C17-F89A5C61E43A}
	EndGlobalSection
EndGlobal
