
Microsoft Visual Studio Solution File, Format Version 12.00
# Visual Studio Version 16
VisualStudioVersion = 16.0.29728.190
MinimumVisualStudioVersion = 10.0.40219.1
Project("{9A19103F-16F7-4668-BE54-9A1E7A4F7556}") = "BleemSync", "BleemSync\BleemSync.csproj", "{5748AC8B-0DA9-43AF-9FA6-0D2C1C733E69}"
EndProject
Project("{9A19103F-16F7-4668-BE54-9A1E7A4F7556}") = "BleemSync.Data", "BleemSync.Data\BleemSync.Data.csproj", "{CF39B0F3-7F01-46DD-AEDD-005673FED920}"
EndProject
Project("{9A19103F-16F7-4668-BE54-9A1E7A4F7556}") = "BleemSync.Services", "BleemSync.Services\BleemSync.Services.csproj", "{4C787B66-A705-4BCF-AB75-FF651A15C592}"
EndProject
Project("{9A19103F-16F7-4668-BE54-9A1E7A4F7556}") = "BleemSync.Fingerprinting", "BleemSync.Fingerprinting\BleemSync.Fingerprinting.csproj", "{01A969FD-8510-48B9-B960-3B324A27C403}"
EndProject
Project("{9A19103F-16F7-4668-BE54-9A1E7A4F7556}") = "BleemSync.Utilities", "BleemSync.Utilities\BleemSync.Utilities.csproj", "{34515D06-EE0E-4BD0-A58F-CF464AA9328B}"
EndProject
Project("{9A19103F-16F7-4668-BE54-9A1E7A4F7556}") = "BleemSync.Scrapers", "BleemSync.Scrapers\BleemSync.Scrapers.csproj", "{5F543BD8-E9CE-4EA9-AB8C-754D6256E5DE}"
EndProject
Project("{FAE04EC0-301F-11D3-BF4B-00C04F79EFBC}") = "BleemSync.Plugins.Sample", "BleemSync.Plugins.Sample\BleemSync.Plugins.Sample.csproj", "{023C113A-C572-4465-A740-9DE10E492998}"
EndProject
Global
	GlobalSection(SolutionConfigurationPlatforms) = preSolution
		Debug|Any CPU = Debug|Any CPU
		Release|Any CPU = Release|Any CPU
	EndGlobalSection
	GlobalSection(ProjectConfigurationPlatforms) = postSolution
		{5748AC8B-0DA9-43AF-9FA6-0D2C1C733E69}.Debug|Any CPU.ActiveCfg = Debug|Any CPU
		{5748AC8B-0DA9-43AF-9FA6-0D2C1C733E69}.Debug|Any CPU.Build.0 = Debug|Any CPU
		{5748AC8B-0DA9-43AF-9FA6-0D2C1C733E69}.Release|Any CPU.ActiveCfg = Release|Any CPU
		{5748AC8B-0DA9-43AF-9FA6-0D2C1C733E69}.Release|Any CPU.Build.0 = Release|Any CPU
		{CF39B0F3-7F01-46DD-AEDD-005673FED920}.Debug|Any CPU.ActiveCfg = Debug|Any CPU
		{CF39B0F3-7F01-46DD-AEDD-005673FED920}.Debug|Any CPU.Build.0 = Debug|Any CPU
		{CF39B0F3-7F01-46DD-AEDD-005673FED920}.Release|Any CPU.ActiveCfg = Release|Any CPU
		{CF39B0F3-7F01-46DD-AEDD-005673FED920}.Release|Any CPU.Build.0 = Release|Any CPU
		{4C787B66-A705-4BCF-AB75-FF651A15C592}.Debug|Any CPU.ActiveCfg = Debug|Any CPU
		{4C787B66-A705-4BCF-AB75-FF651A15C592}.Debug|Any CPU.Build.0 = Debug|Any CPU
		{4C787B66-A705-4BCF-AB75-FF651A15C592}.Release|Any CPU.ActiveCfg = Release|Any CPU
		{4C787B66-A705-4BCF-AB75-FF651A15C592}.Release|Any CPU.Build.0 = Release|Any CPU
		{01A969FD-8510-48B9-B960-3B324A27C403}.Debug|Any CPU.ActiveCfg = Debug|Any CPU
		{01A969FD-8510-48B9-B960-3B324A27C403}.Debug|Any CPU.Build.0 = Debug|Any CPU
		{01A969FD-8510-48B9-B960-3B324A27C403}.Release|Any CPU.ActiveCfg = Release|Any CPU
		{01A969FD-8510-48B9-B960-3B324A27C403}.Release|Any CPU.Build.0 = Release|Any CPU
		{34515D06-EE0E-4BD0-A58F-CF464AA9328B}.Debug|Any CPU.ActiveCfg = Debug|Any CPU
		{34515D06-EE0E-4BD0-A58F-CF464AA9328B}.Debug|Any CPU.Build.0 = Debug|Any CPU
		{34515D06-EE0E-4BD0-A58F-CF464AA9328B}.Release|Any CPU.ActiveCfg = Release|Any CPU
		{34515D06-EE0E-4BD0-A58F-CF464AA9328B}.Release|Any CPU.Build.0 = Release|Any CPU
		{5F543BD8-E9CE-4EA9-AB8C-754D6256E5DE}.Debug|Any CPU.ActiveCfg = Debug|Any CPU
		{5F543BD8-E9CE-4EA9-AB8C-754D6256E5DE}.Debug|Any CPU.Build.0 = Debug|Any CPU
		{5F543BD8-E9CE-4EA9-AB8C-754D6256E5DE}.Release|Any CPU.ActiveCfg = Release|Any CPU
		{5F543BD8-E9CE-4EA9-AB8C-754D6256E5DE}.Release|Any CPU.Build.0 = Release|Any CPU
		{023C113A-C572-4465-A740-9DE10E492998}.Debug|Any CPU.ActiveCfg = Debug|Any CPU
		{023C113A-C572-4465-A740-9DE10E492998}.Debug|Any CPU.Build.0 = Debug|Any CPU
		{023C113A-C572-4465-A740-9DE10E492998}.Release|Any CPU.ActiveCfg = Release|Any CPU
		{023C113A-C572-4465-A740-9DE10E492998}.Release|Any CPU.Build.0 = Release|Any CPU
	EndGlobalSection
	GlobalSection(SolutionProperties) = preSolution
		HideSolutionNode = FALSE
	EndGlobalSection
	GlobalSection(ExtensibilityGlobals) = postSolution
		SolutionGuid = {66FC2212-A844-467E-AB0B-527893D06514}
	EndGlobalSection
EndGlobal
